Microsoft Visual Studio Solution File, Format Version 12.00
# Visual Studio 15
VisualStudioVersion = 15.0.27130.2003
MinimumVisualStudioVersion = 10.0.40219.1
Project("{8BC9CEB8-8B4A-11D0-8D11-00A0C91BC942}") = "ALL_BUILD", "ALL_BUILD.vcxproj", "{10E41E85-D084-36F1-BF22-7675D921C81D}"
	ProjectSection(ProjectDependencies) = postProject
		{0E545766-A7D6-3B3C-BD30-0165CC68F06A} = {0E545766-A7D6-3B3C-BD30-0165CC68F06A}
		{0D71B9F4-D427-30C6-A898-F8FBB2069FC7} = {0D71B9F4-D427-30C6-A898-F8FBB2069FC7}
		{2FC9575E-FA2A-33BF-8861-A62CFB1E9AD9} = {2FC9575E-FA2A-33BF-8861-A62CFB1E9AD9}
		{ED1F30D5-9761-3252-972F-7326FFEC7DD9} = {ED1F30D5-9761-3252-972F-7326FFEC7DD9}
		{9022B9AC-6379-3A70-A944-10714E2B1EA4} = {9022B9AC-6379-3A70-A944-10714E2B1EA4}
		{45331633-32BE-37DF-BA8A-B87E23D6EF80} = {45331633-32BE-37DF-BA8A-B87E23D6EF80}
		{9F541FAB-A602-3CE2-AF40-25E11FE71FF2} = {9F541FAB-A602-3CE2-AF40-25E11FE71FF2}
		{6C4A40F2-B21F-3717-AB40-404350A07D5C} = {6C4A40F2-B21F-3717-AB40-404350A07D5C}
		{0B5E4AB1-44A3-3BB4-8ABD-26FFDC11571F} = {0B5E4AB1-44A3-3BB4-8ABD-26FFDC11571F}
		{88D6FC61-AA07-31C6-9DE3-57821AEE67EB} = {88D6FC61-AA07-31C6-9DE3-57821AEE67EB}
		{C451EA21-50E5-33DE-AC23-D6D027149540} = {C451EA21-50E5-33DE-AC23-D6D027149540}
		{37750029-5F21-3405-8450-95717957B7F1} = {37750029-5F21-3405-8450-95717957B7F1}
		{42304D37-7018-3C90-888A-E97A11C2FEF0} = {42304D37-7018-3C90-888A-E97A11C2FEF0}
		{CF28698A-C512-3827-84C3-D69A50F52067} = {CF28698A-C512-3827-84C3-D69A50F52067}
		{8100BD96-09E6-343E-BB22-D9DA58C06E6E} = {8100BD96-09E6-343E-BB22-D9DA58C06E6E}
		{4347442B-7F0B-3841-BAC4-25E0EAC18293} = {4347442B-7F0B-3841-BAC4-25E0EAC18293}
		{38954779-6D7A-34D6-90EB-A812F44E4299} = {38954779-6D7A-34D6-90EB-A812F44E4299}
		{8C93F0B7-5083-3A37-8311-9C10405FD1A9} = {8C93F0B7-5083-3A37-8311-9C10405FD1A9}
		{9784CDF7-8404-3902-BAE9-0E46083B28E2} = {9784CDF7-8404-3902-BAE9-0E46083B28E2}
		{F4715837-8C96-3325-857E-E55FF9F7DDC6} = {F4715837-8C96-3325-857E-E55FF9F7DDC6}
		{07C7B094-E1CD-39D2-9C2A-F1A97F65F9FA} = {07C7B094-E1CD-39D2-9C2A-F1A97F65F9FA}
		{5C6244E9-FDB5-3303-B6E1-A1822F3A5F0C} = {5C6244E9-FDB5-3303-B6E1-A1822F3A5F0C}
		{E165CD27-F92C-39B6-A852-74FBA32FD030} = {E165CD27-F92C-39B6-A852-74FBA32FD030}
		{0B9DB727-4CA1-3A8A-AE96-38EBD93BCACA} = {0B9DB727-4CA1-3A8A-AE96-38EBD93BCACA}
	EndProjectSection
EndProject
Project("{8BC9CEB8-8B4A-11D0-8D11-00A0C91BC942}") = "INSTALL", "INSTALL.vcxproj", "{4A6C09DB-0F9D-3408-8E30-4DAE086AA8B4}"
	ProjectSection(ProjectDependencies) = postProject
		{10E41E85-D084-36F1-BF22-7675D921C81D} = {10E41E85-D084-36F1-BF22-7675D921C81D}
		{0E545766-A7D6-3B3C-BD30-0165CC68F06A} = {0E545766-A7D6-3B3C-BD30-0165CC68F06A}
	EndProjectSection
EndProject
Project("{8BC9CEB8-8B4A-11D0-8D11-00A0C91BC942}") = "PACKAGE", "PACKAGE.vcxproj", "{CCB78AC8-D253-3A7C-AF4C-8CD68FEA7C81}"
	ProjectSection(ProjectDependencies) = postProject
		{10E41E85-D084-36F1-BF22-7675D921C81D} = {10E41E85-D084-36F1-BF22-7675D921C81D}
		{0E545766-A7D6-3B3C-BD30-0165CC68F06A} = {0E545766-A7D6-3B3C-BD30-0165CC68F06A}
	EndProjectSection
EndProject
Project("{8BC9CEB8-8B4A-11D0-8D11-00A0C91BC942}") = "ZERO_CHECK", "ZERO_CHECK.vcxproj", "{0E545766-A7D6-3B3C-BD30-0165CC68F06A}"
EndProject
Project("{8BC9CEB8-8B4A-11D0-8D11-00A0C91BC942}") = "nfc", "libnfc\nfc.vcxproj", "{0D71B9F4-D427-30C6-A898-F8FBB2069FC7}"
	ProjectSection(ProjectDependencies) = postProject
		{0E545766-A7D6-3B3C-BD30-0165CC68F06A} = {0E545766-A7D6-3B3C-BD30-0165CC68F06A}
	EndProjectSection
EndProject
Project("{8BC9CEB8-8B4A-11D0-8D11-00A0C91BC942}") = "nfc-anticol", "examples\nfc-anticol.vcxproj", "{2FC9575E-FA2A-33BF-8861-A62CFB1E9AD9}"
	ProjectSection(ProjectDependencies) = postProject
		{0E545766-A7D6-3B3C-BD30-0165CC68F06A} = {0E545766-A7D6-3B3C-BD30-0165CC68F06A}
		{0D71B9F4-D427-30C6-A898-F8FBB2069FC7} = {0D71B9F4-D427-30C6-A898-F8FBB2069FC7}
		{07C7B094-E1CD-39D2-9C2A-F1A97F65F9FA} = {07C7B094-E1CD-39D2-9C2A-F1A97F65F9FA}
	EndProjectSection
EndProject
Project("{8BC9CEB8-8B4A-11D0-8D11-00A0C91BC942}") = "nfc-barcode", "utils\nfc-barcode.vcxproj", "{ED1F30D5-9761-3252-972F-7326FFEC7DD9}"
	ProjectSection(ProjectDependencies) = postProject
		{0E545766-A7D6-3B3C-BD30-0165CC68F06A} = {0E545766-A7D6-3B3C-BD30-0165CC68F06A}
		{0D71B9F4-D427-30C6-A898-F8FBB2069FC7} = {0D71B9F4-D427-30C6-A898-F8FBB2069FC7}
		{07C7B094-E1CD-39D2-9C2A-F1A97F65F9FA} = {07C7B094-E1CD-39D2-9C2A-F1A97F65F9FA}
	EndProjectSection
EndProject
Project("{8BC9CEB8-8B4A-11D0-8D11-00A0C91BC942}") = "nfc-dep-initiator", "examples\nfc-dep-initiator.vcxproj", "{9022B9AC-6379-3A70-A944-10714E2B1EA4}"
	ProjectSection(ProjectDependencies) = postProject
		{0E545766-A7D6-3B3C-BD30-0165CC68F06A} = {0E545766-A7D6-3B3C-BD30-0165CC68F06A}
		{0D71B9F4-D427-30C6-A898-F8FBB2069FC7} = {0D71B9F4-D427-30C6-A898-F8FBB2069FC7}
		{07C7B094-E1CD-39D2-9C2A-F1A97F65F9FA} = {07C7B094-E1CD-39D2-9C2A-F1A97F65F9FA}
	EndProjectSection
EndProject
Project("{8BC9CEB8-8B4A-11D0-8D11-00A0C91BC942}") = "nfc-dep-target", "examples\nfc-dep-target.vcxproj", "{45331633-32BE-37DF-BA8A-B87E23D6EF80}"
	ProjectSection(ProjectDependencies) = postProject
		{0E545766-A7D6-3B3C-BD30-0165CC68F06A} = {0E545766-A7D6-3B3C-BD30-0165CC68F06A}
		{0D71B9F4-D427-30C6-A898-F8FBB2069FC7} = {0D71B9F4-D427-30C6-A898-F8FBB2069FC7}
		{07C7B094-E1CD-39D2-9C2A-F1A97F65F9FA} = {07C7B094-E1CD-39D2-9C2A-F1A97F65F9FA}
	EndProjectSection
EndProject
Project("{8BC9CEB8-8B4A-11D0-8D11-00A0C91BC942}") = "nfc-emulate-forum-tag2", "examples\nfc-emulate-forum-tag2.vcxproj", "{9F541FAB-A602-3CE2-AF40-25E11FE71FF2}"
	ProjectSection(ProjectDependencies) = postProject
		{0E545766-A7D6-3B3C-BD30-0165CC68F06A} = {0E545766-A7D6-3B3C-BD30-0165CC68F06A}
		{0D71B9F4-D427-30C6-A898-F8FBB2069FC7} = {0D71B9F4-D427-30C6-A898-F8FBB2069FC7}
		{07C7B094-E1CD-39D2-9C2A-F1A97F65F9FA} = {07C7B094-E1CD-39D2-9C2A-F1A97F65F9FA}
	EndProjectSection
EndProject
Project("{8BC9CEB8-8B4A-11D0-8D11-00A0C91BC942}") = "nfc-emulate-forum-tag4", "utils\nfc-emulate-forum-tag4.vcxproj", "{6C4A40F2-B21F-3717-AB40-404350A07D5C}"
	ProjectSection(ProjectDependencies) = postProject
		{0E545766-A7D6-3B3C-BD30-0165CC68F06A} = {0E545766-A7D6-3B3C-BD30-0165CC68F06A}
		{0D71B9F4-D427-30C6-A898-F8FBB2069FC7} = {0D71B9F4-D427-30C6-A898-F8FBB2069FC7}
		{07C7B094-E1CD-39D2-9C2A-F1A97F65F9FA} = {07C7B094-E1CD-39D2-9C2A-F1A97F65F9FA}
	EndProjectSection
EndProject
Project("{8BC9CEB8-8B4A-11D0-8D11-00A0C91BC942}") = "nfc-emulate-tag", "examples\nfc-emulate-tag.vcxproj", "{0B5E4AB1-44A3-3BB4-8ABD-26FFDC11571F}"
	ProjectSection(ProjectDependencies) = postProject
		{0E545766-A7D6-3B3C-BD30-0165CC68F06A} = {0E545766-A7D6-3B3C-BD30-0165CC68F06A}
		{0D71B9F4-D427-30C6-A898-F8FBB2069FC7} = {0D71B9F4-D427-30C6-A898-F8FBB2069FC7}
		{07C7B094-E1CD-39D2-9C2A-F1A97F65F9FA} = {07C7B094-E1CD-39D2-9C2A-F1A97F65F9FA}
	EndProjectSection
EndProject
Project("{8BC9CEB8-8B4A-11D0-8D11-00A0C91BC942}") = "nfc-emulate-uid", "examples\nfc-emulate-uid.vcxproj", "{88D6FC61-AA07-31C6-9DE3-57821AEE67EB}"
	ProjectSection(ProjectDependencies) = postProject
		{0E545766-A7D6-3B3C-BD30-0165CC68F06A} = {0E545766-A7D6-3B3C-BD30-0165CC68F06A}
		{0D71B9F4-D427-30C6-A898-F8FBB2069FC7} = {0D71B9F4-D427-30C6-A898-F8FBB2069FC7}
		{07C7B094-E1CD-39D2-9C2A-F1A97F65F9FA} = {07C7B094-E1CD-39D2-9C2A-F1A97F65F9FA}
	EndProjectSection
EndProject
Project("{8BC9CEB8-8B4A-11D0-8D11-00A0C91BC942}") = "nfc-jewel", "utils\nfc-jewel.vcxproj", "{C451EA21-50E5-33DE-AC23-D6D027149540}"
	ProjectSection(ProjectDependencies) = postProject
		{0E545766-A7D6-3B3C-BD30-0165CC68F06A} = {0E545766-A7D6-3B3C-BD30-0165CC68F06A}
		{0D71B9F4-D427-30C6-A898-F8FBB2069FC7} = {0D71B9F4-D427-30C6-A898-F8FBB2069FC7}
		{07C7B094-E1CD-39D2-9C2A-F1A97F65F9FA} = {07C7B094-E1CD-39D2-9C2A-F1A97F65F9FA}
	EndProjectSection
EndProject
Project("{8BC9CEB8-8B4A-11D0-8D11-00A0C91BC942}") = "nfc-list", "utils\nfc-list.vcxproj", "{37750029-5F21-3405-8450-95717957B7F1}"
	ProjectSection(ProjectDependencies) = postProject
		{0E545766-A7D6-3B3C-BD30-0165CC68F06A} = {0E545766-A7D6-3B3C-BD30-0165CC68F06A}
		{0D71B9F4-D427-30C6-A898-F8FBB2069FC7} = {0D71B9F4-D427-30C6-A898-F8FBB2069FC7}
		{07C7B094-E1CD-39D2-9C2A-F1A97F65F9FA} = {07C7B094-E1CD-39D2-9C2A-F1A97F65F9FA}
	EndProjectSection
EndProject
Project("{8BC9CEB8-8B4A-11D0-8D11-00A0C91BC942}") = "nfc-mfclassic", "utils\nfc-mfclassic.vcxproj", "{42304D37-7018-3C90-888A-E97A11C2FEF0}"
	ProjectSection(ProjectDependencies) = postProject
		{0E545766-A7D6-3B3C-BD30-0165CC68F06A} = {0E545766-A7D6-3B3C-BD30-0165CC68F06A}
		{0D71B9F4-D427-30C6-A898-F8FBB2069FC7} = {0D71B9F4-D427-30C6-A898-F8FBB2069FC7}
		{07C7B094-E1CD-39D2-9C2A-F1A97F65F9FA} = {07C7B094-E1CD-39D2-9C2A-F1A97F65F9FA}
	EndProjectSection
EndProject
Project("{8BC9CEB8-8B4A-11D0-8D11-00A0C91BC942}") = "nfc-mfsetuid", "examples\nfc-mfsetuid.vcxproj", "{CF28698A-C512-3827-84C3-D69A50F52067}"
	ProjectSection(ProjectDependencies) = postProject
		{0E545766-A7D6-3B3C-BD30-0165CC68F06A} = {0E545766-A7D6-3B3C-BD30-0165CC68F06A}
		{0D71B9F4-D427-30C6-A898-F8FBB2069FC7} = {0D71B9F4-D427-30C6-A898-F8FBB2069FC7}
		{07C7B094-E1CD-39D2-9C2A-F1A97F65F9FA} = {07C7B094-E1CD-39D2-9C2A-F1A97F65F9FA}
	EndProjectSection
EndProject
Project("{8BC9CEB8-8B4A-11D0-8D11-00A0C91BC942}") = "nfc-mfultralight", "utils\nfc-mfultralight.vcxproj", "{8100BD96-09E6-343E-BB22-D9DA58C06E6E}"
	ProjectSection(ProjectDependencies) = postProject
		{0E545766-A7D6-3B3C-BD30-0165CC68F06A} = {0E545766-A7D6-3B3C-BD30-0165CC68F06A}
		{0D71B9F4-D427-30C6-A898-F8FBB2069FC7} = {0D71B9F4-D427-30C6-A898-F8FBB2069FC7}
		{07C7B094-E1CD-39D2-9C2A-F1A97F65F9FA} = {07C7B094-E1CD-39D2-9C2A-F1A97F65F9FA}
	EndProjectSection
EndProject
Project("{8BC9CEB8-8B4A-11D0-8D11-00A0C91BC942}") = "nfc-poll", "examples\nfc-poll.vcxproj", "{4347442B-7F0B-3841-BAC4-25E0EAC18293}"
	ProjectSection(ProjectDependencies) = postProject
		{0E545766-A7D6-3B3C-BD30-0165CC68F06A} = {0E545766-A7D6-3B3C-BD30-0165CC68F06A}
		{0D71B9F4-D427-30C6-A898-F8FBB2069FC7} = {0D71B9F4-D427-30C6-A898-F8FBB2069FC7}
		{07C7B094-E1CD-39D2-9C2A-F1A97F65F9FA} = {07C7B094-E1CD-39D2-9C2A-F1A97F65F9FA}
	EndProjectSection
EndProject
Project("{8BC9CEB8-8B4A-11D0-8D11-00A0C91BC942}") = "nfc-read-forum-tag3", "utils\nfc-read-forum-tag3.vcxproj", "{38954779-6D7A-34D6-90EB-A812F44E4299}"
	ProjectSection(ProjectDependencies) = postProject
		{0E545766-A7D6-3B3C-BD30-0165CC68F06A} = {0E545766-A7D6-3B3C-BD30-0165CC68F06A}
		{0D71B9F4-D427-30C6-A898-F8FBB2069FC7} = {0D71B9F4-D427-30C6-A898-F8FBB2069FC7}
		{07C7B094-E1CD-39D2-9C2A-F1A97F65F9FA} = {07C7B094-E1CD-39D2-9C2A-F1A97F65F9FA}
	EndProjectSection
EndProject
Project("{8BC9CEB8-8B4A-11D0-8D11-00A0C91BC942}") = "nfc-relay", "examples\nfc-relay.vcxproj", "{8C93F0B7-5083-3A37-8311-9C10405FD1A9}"
	ProjectSection(ProjectDependencies) = postProject
		{0E545766-A7D6-3B3C-BD30-0165CC68F06A} = {0E545766-A7D6-3B3C-BD30-0165CC68F06A}
		{0D71B9F4-D427-30C6-A898-F8FBB2069FC7} = {0D71B9F4-D427-30C6-A898-F8FBB2069FC7}
		{07C7B094-E1CD-39D2-9C2A-F1A97F65F9FA} = {07C7B094-E1CD-39D2-9C2A-F1A97F65F9FA}
	EndProjectSection
EndProject
Project("{8BC9CEB8-8B4A-11D0-8D11-00A0C91BC942}") = "nfc-relay-picc", "utils\nfc-relay-picc.vcxproj", "{9784CDF7-8404-3902-BAE9-0E46083B28E2}"
	ProjectSection(ProjectDependencies) = postProject
		{0E545766-A7D6-3B3C-BD30-0165CC68F06A} = {0E545766-A7D6-3B3C-BD30-0165CC68F06A}
		{0D71B9F4-D427-30C6-A898-F8FBB2069FC7} = {0D71B9F4-D427-30C6-A898-F8FBB2069FC7}
		{07C7B094-E1CD-39D2-9C2A-F1A97F65F9FA} = {07C7B094-E1CD-39D2-9C2A-F1A97F65F9FA}
	EndProjectSection
EndProject
Project("{8BC9CEB8-8B4A-11D0-8D11-00A0C91BC942}") = "nfc-scan-device", "utils\nfc-scan-device.vcxproj", "{F4715837-8C96-3325-857E-E55FF9F7DDC6}"
	ProjectSection(ProjectDependencies) = postProject
		{0E545766-A7D6-3B3C-BD30-0165CC68F06A} = {0E545766-A7D6-3B3C-BD30-0165CC68F06A}
		{0D71B9F4-D427-30C6-A898-F8FBB2069FC7} = {0D71B9F4-D427-30C6-A898-F8FBB2069FC7}
		{07C7B094-E1CD-39D2-9C2A-F1A97F65F9FA} = {07C7B094-E1CD-39D2-9C2A-F1A97F65F9FA}
	EndProjectSection
EndProject
Project("{8BC9CEB8-8B4A-11D0-8D11-00A0C91BC942}") = "nfcutils", "utils\nfcutils.vcxproj", "{07C7B094-E1CD-39D2-9C2A-F1A97F65F9FA}"
	ProjectSection(ProjectDependencies) = postProject
		{0E545766-A7D6-3B3C-BD30-0165CC68F06A} = {0E545766-A7D6-3B3C-BD30-0165CC68F06A}
		{0D71B9F4-D427-30C6-A898-F8FBB2069FC7} = {0D71B9F4-D427-30C6-A898-F8FBB2069FC7}
	EndProjectSection
EndProject
Project("{8BC9CEB8-8B4A-11D0-8D11-00A0C91BC942}") = "pn53x-diagnose", "examples\pn53x-diagnose.vcxproj", "{5C6244E9-FDB5-3303-B6E1-A1822F3A5F0C}"
	ProjectSection(ProjectDependencies) = postProject
		{0E545766-A7D6-3B3C-BD30-0165CC68F06A} = {0E545766-A7D6-3B3C-BD30-0165CC68F06A}
		{0D71B9F4-D427-30C6-A898-F8FBB2069FC7} = {0D71B9F4-D427-30C6-A898-F8FBB2069FC7}
		{07C7B094-E1CD-39D2-9C2A-F1A97F65F9FA} = {07C7B094-E1CD-39D2-9C2A-F1A97F65F9FA}
	EndProjectSection
EndProject
Project("{8BC9CEB8-8B4A-11D0-8D11-00A0C91BC942}") = "pn53x-sam", "examples\pn53x-sam.vcxproj", "{E165CD27-F92C-39B6-A852-74FBA32FD030}"
	ProjectSection(ProjectDependencies) = postProject
		{0E545766-A7D6-3B3C-BD30-0165CC68F06A} = {0E545766-A7D6-3B3C-BD30-0165CC68F06A}
		{0D71B9F4-D427-30C6-A898-F8FBB2069FC7} = {0D71B9F4-D427-30C6-A898-F8FBB2069FC7}
		{07C7B094-E1CD-39D2-9C2A-F1A97F65F9FA} = {07C7B094-E1CD-39D2-9C2A-F1A97F65F9FA}
	EndProjectSection
EndProject
Project("{8BC9CEB8-8B4A-11D0-8D11-00A0C91BC942}") = "pn53x-tamashell", "examples\pn53x-tamashell.vcxproj", "{0B9DB727-4CA1-3A8A-AE96-38EBD93BCACA}"
	ProjectSection(ProjectDependencies) = postProject
		{0E545766-A7D6-3B3C-BD30-0165CC68F06A} = {0E545766-A7D6-3B3C-BD30-0165CC68F06A}
		{0D71B9F4-D427-30C6-A898-F8FBB2069FC7} = {0D71B9F4-D427-30C6-A898-F8FBB2069FC7}
		{07C7B094-E1CD-39D2-9C2A-F1A97F65F9FA} = {07C7B094-E1CD-39D2-9C2A-F1A97F65F9FA}
	EndProjectSection
EndProject
Global
	GlobalSection(SolutionConfigurationPlatforms) = preSolution
		Debug|Win32 = Debug|Win32
		MinSizeRel|Win32 = MinSizeRel|Win32
		Release|Win32 = Release|Win32
		RelWithDebInfo|Win32 = RelWithDebInfo|Win32
	EndGlobalSection
	GlobalSection(ProjectConfigurationPlatforms) = postSolution
		{10E41E85-D084-36F1-BF22-7675D921C81D}.Debug|Win32.ActiveCfg = Debug|Win32
		{10E41E85-D084-36F1-BF22-7675D921C81D}.Debug|Win32.Build.0 = Debug|Win32
		{10E41E85-D084-36F1-BF22-7675D921C81D}.MinSizeRel|Win32.ActiveCfg = MinSizeRel|Win32
		{10E41E85-D084-36F1-BF22-7675D921C81D}.MinSizeRel|Win32.Build.0 = MinSizeRel|Win32
		{10E41E85-D084-36F1-BF22-7675D921C81D}.Release|Win32.ActiveCfg = Release|Win32
		{10E41E85-D084-36F1-BF22-7675D921C81D}.Release|Win32.Build.0 = Release|Win32
		{10E41E85-D084-36F1-BF22-7675D921C81D}.RelWithDebInfo|Win32.ActiveCfg = RelWithDebInfo|Win32
		{10E41E85-D084-36F1-BF22-7675D921C81D}.RelWithDebInfo|Win32.Build.0 = RelWithDebInfo|Win32
		{4A6C09DB-0F9D-3408-8E30-4DAE086AA8B4}.Debug|Win32.ActiveCfg = Debug|Win32
		{4A6C09DB-0F9D-3408-8E30-4DAE086AA8B4}.MinSizeRel|Win32.ActiveCfg = MinSizeRel|Win32
		{4A6C09DB-0F9D-3408-8E30-4DAE086AA8B4}.Release|Win32.ActiveCfg = Release|Win32
		{4A6C09DB-0F9D-3408-8E30-4DAE086AA8B4}.RelWithDebInfo|Win32.ActiveCfg = RelWithDebInfo|Win32
		{CCB78AC8-D253-3A7C-AF4C-8CD68FEA7C81}.Debug|Win32.ActiveCfg = Debug|Win32
		{CCB78AC8-D253-3A7C-AF4C-8CD68FEA7C81}.MinSizeRel|Win32.ActiveCfg = MinSizeRel|Win32
		{CCB78AC8-D253-3A7C-AF4C-8CD68FEA7C81}.Release|Win32.ActiveCfg = Release|Win32
		{CCB78AC8-D253-3A7C-AF4C-8CD68FEA7C81}.RelWithDebInfo|Win32.ActiveCfg = RelWithDebInfo|Win32
		{0E545766-A7D6-3B3C-BD30-0165CC68F06A}.Debug|Win32.ActiveCfg = Debug|Win32
		{0E545766-A7D6-3B3C-BD30-0165CC68F06A}.Debug|Win32.Build.0 = Debug|Win32
		{0E545766-A7D6-3B3C-BD30-0165CC68F06A}.MinSizeRel|Win32.ActiveCfg = MinSizeRel|Win32
		{0E545766-A7D6-3B3C-BD30-0165CC68F06A}.MinSizeRel|Win32.Build.0 = MinSizeRel|Win32
		{0E545766-A7D6-3B3C-BD30-0165CC68F06A}.Release|Win32.ActiveCfg = Release|Win32
		{0E545766-A7D6-3B3C-BD30-0165CC68F06A}.Release|Win32.Build.0 = Release|Win32
		{0E545766-A7D6-3B3C-BD30-0165CC68F06A}.RelWithDebInfo|Win32.ActiveCfg = RelWithDebInfo|Win32
		{0E545766-A7D6-3B3C-BD30-0165CC68F06A}.RelWithDebInfo|Win32.Build.0 = RelWithDebInfo|Win32
		{0D71B9F4-D427-30C6-A898-F8FBB2069FC7}.Debug|Win32.ActiveCfg = Debug|Win32
		{0D71B9F4-D427-30C6-A898-F8FBB2069FC7}.Debug|Win32.Build.0 = Debug|Win32
		{0D71B9F4-D427-30C6-A898-F8FBB2069FC7}.MinSizeRel|Win32.ActiveCfg = MinSizeRel|Win32
		{0D71B9F4-D427-30C6-A898-F8FBB2069FC7}.MinSizeRel|Win32.Build.0 = MinSizeRel|Win32
		{0D71B9F4-D427-30C6-A898-F8FBB2069FC7}.Release|Win32.ActiveCfg = Release|Win32
		{0D71B9F4-D427-30C6-A898-F8FBB2069FC7}.Release|Win32.Build.0 = Release|Win32
		{0D71B9F4-D427-30C6-A898-F8FBB2069FC7}.RelWithDebInfo|Win32.ActiveCfg = RelWithDebInfo|Win32
		{0D71B9F4-D427-30C6-A898-F8FBB2069FC7}.RelWithDebInfo|Win32.Build.0 = RelWithDebInfo|Win32
		{2FC9575E-FA2A-33BF-8861-A62CFB1E9AD9}.Debug|Win32.ActiveCfg = Debug|Win32
		{2FC9575E-FA2A-33BF-8861-A62CFB1E9AD9}.Debug|Win32.Build.0 = Debug|Win32
		{2FC9575E-FA2A-33BF-8861-A62CFB1E9AD9}.MinSizeRel|Win32.ActiveCfg = MinSizeRel|Win32
		{2FC9575E-FA2A-33BF-8861-A62CFB1E9AD9}.MinSizeRel|Win32.Build.0 = MinSizeRel|Win32
		{2FC9575E-FA2A-33BF-8861-A62CFB1E9AD9}.Release|Win32.ActiveCfg = Release|Win32
		{2FC9575E-FA2A-33BF-8861-A62CFB1E9AD9}.Release|Win32.Build.0 = Release|Win32
		{2FC9575E-FA2A-33BF-8861-A62CFB1E9AD9}.RelWithDebInfo|Win32.ActiveCfg = RelWithDebInfo|Win32
		{2FC9575E-FA2A-33BF-8861-A62CFB1E9AD9}.RelWithDebInfo|Win32.Build.0 = RelWithDebInfo|Win32
		{ED1F30D5-9761-3252-972F-7326FFEC7DD9}.Debug|Win32.ActiveCfg = Debug|Win32
		{ED1F30D5-9761-3252-972F-7326FFEC7DD9}.Debug|Win32.Build.0 = Debug|Win32
		{ED1F30D5-9761-3252-972F-7326FFEC7DD9}.MinSizeRel|Win32.ActiveCfg = MinSizeRel|Win32
		{ED1F30D5-9761-3252-972F-7326FFEC7DD9}.MinSizeRel|Win32.Build.0 = MinSizeRel|Win32
		{ED1F30D5-9761-3252-972F-7326FFEC7DD9}.Release|Win32.ActiveCfg = Release|Win32
		{ED1F30D5-9761-3252-972F-7326FFEC7DD9}.Release|Win32.Build.0 = Release|Win32
		{ED1F30D5-9761-3252-972F-7326FFEC7DD9}.RelWithDebInfo|Win32.ActiveCfg = RelWithDebInfo|Win32
		{ED1F30D5-9761-3252-972F-7326FFEC7DD9}.RelWithDebInfo|Win32.Build.0 = RelWithDebInfo|Win32
		{9022B9AC-6379-3A70-A944-10714E2B1EA4}.Debug|Win32.ActiveCfg = Debug|Win32
		{9022B9AC-6379-3A70-A944-10714E2B1EA4}.Debug|Win32.Build.0 = Debug|Win32
		{9022B9AC-6379-3A70-A944-10714E2B1EA4}.MinSizeRel|Win32.ActiveCfg = MinSizeRel|Win32
		{9022B9AC-6379-3A70-A944-10714E2B1EA4}.MinSizeRel|Win32.Build.0 = MinSizeRel|Win32
		{9022B9AC-6379-3A70-A944-10714E2B1EA4}.Release|Win32.ActiveCfg = Release|Win32
		{9022B9AC-6379-3A70-A944-10714E2B1EA4}.Release|Win32.Build.0 = Release|Win32
		{9022B9AC-6379-3A70-A944-10714E2B1EA4}.RelWithDebInfo|Win32.ActiveCfg = RelWithDebInfo|Win32
		{9022B9AC-6379-3A70-A944-10714E2B1EA4}.RelWithDebInfo|Win32.Build.0 = RelWithDebInfo|Win32
		{45331633-32BE-37DF-BA8A-B87E23D6EF80}.Debug|Win32.ActiveCfg = Debug|Win32
		{45331633-32BE-37DF-BA8A-B87E23D6EF80}.Debug|Win32.Build.0 = Debug|Win32
		{45331633-32BE-37DF-BA8A-B87E23D6EF80}.MinSizeRel|Win32.ActiveCfg = MinSizeRel|Win32
		{45331633-32BE-37DF-BA8A-B87E23D6EF80}.MinSizeRel|Win32.Build.0 = MinSizeRel|Win32
		{45331633-32BE-37DF-BA8A-B87E23D6EF80}.Release|Win32.ActiveCfg = Release|Win32
		{45331633-32BE-37DF-BA8A-B87E23D6EF80}.Release|Win32.Build.0 = Release|Win32
		{45331633-32BE-37DF-BA8A-B87E23D6EF80}.RelWithDebInfo|Win32.ActiveCfg = RelWithDebInfo|Win32
		{45331633-32BE-37DF-BA8A-B87E23D6EF80}.RelWithDebInfo|Win32.Build.0 = RelWithDebInfo|Win32
		{9F541FAB-A602-3CE2-AF40-25E11FE71FF2}.Debug|Win32.ActiveCfg = Debug|Win32
		{9F541FAB-A602-3CE2-AF40-25E11FE71FF2}.Debug|Win32.Build.0 = Debug|Win32
		{9F541FAB-A602-3CE2-AF40-25E11FE71FF2}.MinSizeRel|Win32.ActiveCfg = MinSizeRel|Win32
		{9F541FAB-A602-3CE2-AF40-25E11FE71FF2}.MinSizeRel|Win32.Build.0 = MinSizeRel|Win32
		{9F541FAB-A602-3CE2-AF40-25E11FE71FF2}.Release|Win32.ActiveCfg = Release|Win32
		{9F541FAB-A602-3CE2-AF40-25E11FE71FF2}.Release|Win32.Build.0 = Release|Win32
		{9F541FAB-A602-3CE2-AF40-25E11FE71FF2}.RelWithDebInfo|Win32.ActiveCfg = RelWithDebInfo|Win32
		{9F541FAB-A602-3CE2-AF40-25E11FE71FF2}.RelWithDebInfo|Win32.Build.0 = RelWithDebInfo|Win32
		{6C4A40F2-B21F-3717-AB40-404350A07D5C}.Debug|Win32.ActiveCfg = Debug|Win32
		{6C4A40F2-B21F-3717-AB40-404350A07D5C}.Debug|Win32.Build.0 = Debug|Win32
		{6C4A40F2-B21F-3717-AB40-404350A07D5C}.MinSizeRel|Win32.ActiveCfg = MinSizeRel|Win32
		{6C4A40F2-B21F-3717-AB40-404350A07D5C}.MinSizeRel|Win32.Build.0 = MinSizeRel|Win32
		{6C4A40F2-B21F-3717-AB40-404350A07D5C}.Release|Win32.ActiveCfg = Release|Win32
		{6C4A40F2-B21F-3717-AB40-404350A07D5C}.Release|Win32.Build.0 = Release|Win32
		{6C4A40F2-B21F-3717-AB40-404350A07D5C}.RelWithDebInfo|Win32.ActiveCfg = RelWithDebInfo|Win32
		{6C4A40F2-B21F-3717-AB40-404350A07D5C}.RelWithDebInfo|Win32.Build.0 = RelWithDebInfo|Win32
		{0B5E4AB1-44A3-3BB4-8ABD-26FFDC11571F}.Debug|Win32.ActiveCfg = Debug|Win32
		{0B5E4AB1-44A3-3BB4-8ABD-26FFDC11571F}.Debug|Win32.Build.0 = Debug|Win32
		{0B5E4AB1-44A3-3BB4-8ABD-26FFDC11571F}.MinSizeRel|Win32.ActiveCfg = MinSizeRel|Win32
		{0B5E4AB1-44A3-3BB4-8ABD-26FFDC11571F}.MinSizeRel|Win32.Build.0 = MinSizeRel|Win32
		{0B5E4AB1-44A3-3BB4-8ABD-26FFDC11571F}.Release|Win32.ActiveCfg = Release|Win32
		{0B5E4AB1-44A3-3BB4-8ABD-26FFDC11571F}.Release|Win32.Build.0 = Release|Win32
		{0B5E4AB1-44A3-3BB4-8ABD-26FFDC11571F}.RelWithDebInfo|Win32.ActiveCfg = RelWithDebInfo|Win32
		{0B5E4AB1-44A3-3BB4-8ABD-26FFDC11571F}.RelWithDebInfo|Win32.Build.0 = RelWithDebInfo|Win32
		{88D6FC61-AA07-31C6-9DE3-57821AEE67EB}.Debug|Win32.ActiveCfg = Debug|Win32
		{88D6FC61-AA07-31C6-9DE3-57821AEE67EB}.Debug|Win32.Build.0 = Debug|Win32
		{88D6FC61-AA07-31C6-9DE3-57821AEE67EB}.MinSizeRel|Win32.ActiveCfg = MinSizeRel|Win32
		{88D6FC61-AA07-31C6-9DE3-57821AEE67EB}.MinSizeRel|Win32.Build.0 = MinSizeRel|Win32
		{88D6FC61-AA07-31C6-9DE3-57821AEE67EB}.Release|Win32.ActiveCfg = Release|Win32
		{88D6FC61-AA07-31C6-9DE3-57821AEE67EB}.Release|Win32.Build.0 = Release|Win32
		{88D6FC61-AA07-31C6-9DE3-57821AEE67EB}.RelWithDebInfo|Win32.ActiveCfg = RelWithDebInfo|Win32
		{88D6FC61-AA07-31C6-9DE3-57821AEE67EB}.RelWithDebInfo|Win32.Build.0 = RelWithDebInfo|Win32
		{C451EA21-50E5-33DE-AC23-D6D027149540}.Debug|Win32.ActiveCfg = Debug|Win32
		{C451EA21-50E5-33DE-AC23-D6D027149540}.Debug|Win32.Build.0 = Debug|Win32
		{C451EA21-50E5-33DE-AC23-D6D027149540}.MinSizeRel|Win32.ActiveCfg = MinSizeRel|Win32
		{C451EA21-50E5-33DE-AC23-D6D027149540}.MinSizeRel|Win32.Build.0 = MinSizeRel|Win32
		{C451EA21-50E5-33DE-AC23-D6D027149540}.Release|Win32.ActiveCfg = Release|Win32
		{C451EA21-50E5-33DE-AC23-D6D027149540}.Release|Win32.Build.0 = Release|Win32
		{C451EA21-50E5-33DE-AC23-D6D027149540}.RelWithDebInfo|Win32.ActiveCfg = RelWithDebInfo|Win32
		{C451EA21-50E5-33DE-AC23-D6D027149540}.RelWithDebInfo|Win32.Build.0 = RelWithDebInfo|Win32
		{37750029-5F21-3405-8450-95717957B7F1}.Debug|Win32.ActiveCfg = Debug|Win32
		{37750029-5F21-3405-8450-95717957B7F1}.Debug|Win32.Build.0 = Debug|Win32
		{37750029-5F21-3405-8450-95717957B7F1}.MinSizeRel|Win32.ActiveCfg = MinSizeRel|Win32
		{37750029-5F21-3405-8450-95717957B7F1}.MinSizeRel|Win32.Build.0 = MinSizeRel|Win32
		{37750029-5F21-3405-8450-95717957B7F1}.Release|Win32.ActiveCfg = Release|Win32
		{37750029-5F21-3405-8450-95717957B7F1}.Release|Win32.Build.0 = Release|Win32
		{37750029-5F21-3405-8450-95717957B7F1}.RelWithDebInfo|Win32.ActiveCfg = RelWithDebInfo|Win32
		{37750029-5F21-3405-8450-95717957B7F1}.RelWithDebInfo|Win32.Build.0 = RelWithDebInfo|Win32
		{42304D37-7018-3C90-888A-E97A11C2FEF0}.Debug|Win32.ActiveCfg = Debug|Win32
		{42304D37-7018-3C90-888A-E97A11C2FEF0}.Debug|Win32.Build.0 = Debug|Win32
		{42304D37-7018-3C90-888A-E97A11C2FEF0}.MinSizeRel|Win32.ActiveCfg = MinSizeRel|Win32
		{42304D37-7018-3C90-888A-E97A11C2FEF0}.MinSizeRel|Win32.Build.0 = MinSizeRel|Win32
		{42304D37-7018-3C90-888A-E97A11C2FEF0}.Release|Win32.ActiveCfg = Release|Win32
		{42304D37-7018-3C90-888A-E97A11C2FEF0}.Release|Win32.Build.0 = Release|Win32
		{42304D37-7018-3C90-888A-E97A11C2FEF0}.RelWithDebInfo|Win32.ActiveCfg = RelWithDebInfo|Win32
		{42304D37-7018-3C90-888A-E97A11C2FEF0}.RelWithDebInfo|Win32.Build.0 = RelWithDebInfo|Win32
		{CF28698A-C512-3827-84C3-D69A50F52067}.Debug|Win32.ActiveCfg = Debug|Win32
		{CF28698A-C512-3827-84C3-D69A50F52067}.Debug|Win32.Build.0 = Debug|Win32
		{CF28698A-C512-3827-84C3-D69A50F52067}.MinSizeRel|Win32.ActiveCfg = MinSizeRel|Win32
		{CF28698A-C512-3827-84C3-D69A50F52067}.MinSizeRel|Win32.Build.0 = MinSizeRel|Win32
		{CF28698A-C512-3827-84C3-D69A50F52067}.Release|Win32.ActiveCfg = Release|Win32
		{CF28698A-C512-3827-84C3-D69A50F52067}.Release|Win32.Build.0 = Release|Win32
		{CF28698A-C512-3827-84C3-D69A50F52067}.RelWithDebInfo|Win32.ActiveCfg = RelWithDebInfo|Win32
		{CF28698A-C512-3827-84C3-D69A50F52067}.RelWithDebInfo|Win32.Build.0 = RelWithDebInfo|Win32
		{8100BD96-09E6-343E-BB22-D9DA58C06E6E}.Debug|Win32.ActiveCfg = Debug|Win32
		{8100BD96-09E6-343E-BB22-D9DA58C06E6E}.Debug|Win32.Build.0 = Debug|Win32
		{8100BD96-09E6-343E-BB22-D9DA58C06E6E}.MinSizeRel|Win32.ActiveCfg = MinSizeRel|Win32
		{8100BD96-09E6-343E-BB22-D9DA58C06E6E}.MinSizeRel|Win32.Build.0 = MinSizeRel|Win32
		{8100BD96-09E6-343E-BB22-D9DA58C06E6E}.Release|Win32.ActiveCfg = Release|Win32
		{8100BD96-09E6-343E-BB22-D9DA58C06E6E}.Release|Win32.Build.0 = Release|Win32
		{8100BD96-09E6-343E-BB22-D9DA58C06E6E}.RelWithDebInfo|Win32.ActiveCfg = RelWithDebInfo|Win32
		{8100BD96-09E6-343E-BB22-D9DA58C06E6E}.RelWithDebInfo|Win32.Build.0 = RelWithDebInfo|Win32
		{4347442B-7F0B-3841-BAC4-25E0EAC18293}.Debug|Win32.ActiveCfg = Debug|Win32
		{4347442B-7F0B-3841-BAC4-25E0EAC18293}.Debug|Win32.Build.0 = Debug|Win32
		{4347442B-7F0B-3841-BAC4-25E0EAC18293}.MinSizeRel|Win32.ActiveCfg = MinSizeRel|Win32
		{4347442B-7F0B-3841-BAC4-25E0EAC18293}.MinSizeRel|Win32.Build.0 = MinSizeRel|Win32
		{4347442B-7F0B-3841-BAC4-25E0EAC18293}.Release|Win32.ActiveCfg = Release|Win32
		{4347442B-7F0B-3841-BAC4-25E0EAC18293}.Release|Win32.Build.0 = Release|Win32
		{4347442B-7F0B-3841-BAC4-25E0EAC18293}.RelWithDebInfo|Win32.ActiveCfg = RelWithDebInfo|Win32
		{4347442B-7F0B-3841-BAC4-25E0EAC18293}.RelWithDebInfo|Win32.Build.0 = RelWithDebInfo|Win32
		{38954779-6D7A-34D6-90EB-A812F44E4299}.Debug|Win32.ActiveCfg = Debug|Win32
		{38954779-6D7A-34D6-90EB-A812F44E4299}.Debug|Win32.Build.0 = Debug|Win32
		{38954779-6D7A-34D6-90EB-A812F44E4299}.MinSizeRel|Win32.ActiveCfg = MinSizeRel|Win32
		{38954779-6D7A-34D6-90EB-A812F44E4299}.MinSizeRel|Win32.Build.0 = MinSizeRel|Win32
		{38954779-6D7A-34D6-90EB-A812F44E4299}.Release|Win32.ActiveCfg = Release|Win32
		{38954779-6D7A-34D6-90EB-A812F44E4299}.Release|Win32.Build.0 = Release|Win32
		{38954779-6D7A-34D6-90EB-A812F44E4299}.RelWithDebInfo|Win32.ActiveCfg = RelWithDebInfo|Win32
		{38954779-6D7A-34D6-90EB-A812F44E4299}.RelWithDebInfo|Win32.Build.0 = RelWithDebInfo|Win32
		{8C93F0B7-5083-3A37-8311-9C10405FD1A9}.Debug|Win32.ActiveCfg = Debug|Win32
		{8C93F0B7-5083-3A37-8311-9C10405FD1A9}.Debug|Win32.Build.0 = Debug|Win32
		{8C93F0B7-5083-3A37-8311-9C10405FD1A9}.MinSizeRel|Win32.ActiveCfg = MinSizeRel|Win32
		{8C93F0B7-5083-3A37-8311-9C10405FD1A9}.MinSizeRel|Win32.Build.0 = MinSizeRel|Win32
		{8C93F0B7-5083-3A37-8311-9C10405FD1A9}.Release|Win32.ActiveCfg = Release|Win32
		{8C93F0B7-5083-3A37-8311-9C10405FD1A9}.Release|Win32.Build.0 = Release|Win32
		{8C93F0B7-5083-3A37-8311-9C10405FD1A9}.RelWithDebInfo|Win32.ActiveCfg = RelWithDebInfo|Win32
		{8C93F0B7-5083-3A37-8311-9C10405FD1A9}.RelWithDebInfo|Win32.Build.0 = RelWithDebInfo|Win32
		{9784CDF7-8404-3902-BAE9-0E46083B28E2}.Debug|Win32.ActiveCfg = Debug|Win32
		{9784CDF7-8404-3902-BAE9-0E46083B28E2}.Debug|Win32.Build.0 = Debug|Win32
		{9784CDF7-8404-3902-BAE9-0E46083B28E2}.MinSizeRel|Win32.ActiveCfg = MinSizeRel|Win32
		{9784CDF7-8404-3902-BAE9-0E46083B28E2}.MinSizeRel|Win32.Build.0 = MinSizeRel|Win32
		{9784CDF7-8404-3902-BAE9-0E46083B28E2}.Release|Win32.ActiveCfg = Release|Win32
		{9784CDF7-8404-3902-BAE9-0E46083B28E2}.Release|Win32.Build.0 = Release|Win32
		{9784CDF7-8404-3902-BAE9-0E46083B28E2}.RelWithDebInfo|Win32.ActiveCfg = RelWithDebInfo|Win32
		{9784CDF7-8404-3902-BAE9-0E46083B28E2}.RelWithDebInfo|Win32.Build.0 = RelWithDebInfo|Win32
		{F4715837-8C96-3325-857E-E55FF9F7DDC6}.Debug|Win32.ActiveCfg = Debug|Win32
		{F4715837-8C96-3325-857E-E55FF9F7DDC6}.Debug|Win32.Build.0 = Debug|Win32
		{F4715837-8C96-3325-857E-E55FF9F7DDC6}.MinSizeRel|Win32.ActiveCfg = MinSizeRel|Win32
		{F4715837-8C96-3325-857E-E55FF9F7DDC6}.MinSizeRel|Win32.Build.0 = MinSizeRel|Win32
		{F4715837-8C96-3325-857E-E55FF9F7DDC6}.Release|Win32.ActiveCfg = Release|Win32
		{F4715837-8C96-3325-857E-E55FF9F7DDC6}.Release|Win32.Build.0 = Release|Win32
		{F4715837-8C96-3325-857E-E55FF9F7DDC6}.RelWithDebInfo|Win32.ActiveCfg = RelWithDebInfo|Win32
		{F4715837-8C96-3325-857E-E55FF9F7DDC6}.RelWithDebInfo|Win32.Build.0 = RelWithDebInfo|Win32
		{07C7B094-E1CD-39D2-9C2A-F1A97F65F9FA}.Debug|Win32.ActiveCfg = Debug|Win32
		{07C7B094-E1CD-39D2-9C2A-F1A97F65F9FA}.Debug|Win32.Build.0 = Debug|Win32
		{07C7B094-E1CD-39D2-9C2A-F1A97F65F9FA}.MinSizeRel|Win32.ActiveCfg = MinSizeRel|Win32
		{07C7B094-E1CD-39D2-9C2A-F1A97F65F9FA}.MinSizeRel|Win32.Build.0 = MinSizeRel|Win32
		{07C7B094-E1CD-39D2-9C2A-F1A97F65F9FA}.Release|Win32.ActiveCfg = Release|Win32
		{07C7B094-E1CD-39D2-9C2A-F1A97F65F9FA}.Release|Win32.Build.0 = Release|Win32
		{07C7B094-E1CD-39D2-9C2A-F1A97F65F9FA}.RelWithDebInfo|Win32.ActiveCfg = RelWithDebInfo|Win32
		{07C7B094-E1CD-39D2-9C2A-F1A97F65F9FA}.RelWithDebInfo|Win32.Build.0 = RelWithDebInfo|Win32
		{5C6244E9-FDB5-3303-B6E1-A1822F3A5F0C}.Debug|Win32.ActiveCfg = Debug|Win32
		{5C6244E9-FDB5-3303-B6E1-A1822F3A5F0C}.Debug|Win32.Build.0 = Debug|Win32
		{5C6244E9-FDB5-3303-B6E1-A1822F3A5F0C}.MinSizeRel|Win32.ActiveCfg = MinSizeRel|Win32
		{5C6244E9-FDB5-3303-B6E1-A1822F3A5F0C}.MinSizeRel|Win32.Build.0 = MinSizeRel|Win32
		{5C6244E9-FDB5-3303-B6E1-A1822F3A5F0C}.Release|Win32.ActiveCfg = Release|Win32
		{5C6244E9-FDB5-3303-B6E1-A1822F3A5F0C}.Release|Win32.Build.0 = Release|Win32
		{5C6244E9-FDB5-3303-B6E1-A1822F3A5F0C}.RelWithDebInfo|Win32.ActiveCfg = RelWithDebInfo|Win32
		{5C6244E9-FDB5-3303-B6E1-A1822F3A5F0C}.RelWithDebInfo|Win32.Build.0 = RelWithDebInfo|Win32
		{E165CD27-F92C-39B6-A852-74FBA32FD030}.Debug|Win32.ActiveCfg = Debug|Win32
		{E165CD27-F92C-39B6-A852-74FBA32FD030}.Debug|Win32.Build.0 = Debug|Win32
		{E165CD27-F92C-39B6-A852-74FBA32FD030}.MinSizeRel|Win32.ActiveCfg = MinSizeRel|Win32
		{E165CD27-F92C-39B6-A852-74FBA32FD030}.MinSizeRel|Win32.Build.0 = MinSizeRel|Win32
		{E165CD27-F92C-39B6-A852-74FBA32FD030}.Release|Win32.ActiveCfg = Release|Win32
		{E165CD27-F92C-39B6-A852-74FBA32FD030}.Release|Win32.Build.0 = Release|Win32
		{E165CD27-F92C-39B6-A852-74FBA32FD030}.RelWithDebInfo|Win32.ActiveCfg = RelWithDebInfo|Win32
		{E165CD27-F92C-39B6-A852-74FBA32FD030}.RelWithDebInfo|Win32.Build.0 = RelWithDebInfo|Win32
		{0B9DB727-4CA1-3A8A-AE96-38EBD93BCACA}.Debug|Win32.ActiveCfg = Debug|Win32
		{0B9DB727-4CA1-3A8A-AE96-38EBD93BCACA}.Debug|Win32.Build.0 = Debug|Win32
		{0B9DB727-4CA1-3A8A-AE96-38EBD93BCACA}.MinSizeRel|Win32.ActiveCfg = MinSizeRel|Win32
		{0B9DB727-4CA1-3A8A-AE96-38EBD93BCACA}.MinSizeRel|Win32.Build.0 = MinSizeRel|Win32
		{0B9DB727-4CA1-3A8A-AE96-38EBD93BCACA}.Release|Win32.ActiveCfg = Release|Win32
		{0B9DB727-4CA1-3A8A-AE96-38EBD93BCACA}.Release|Win32.Build.0 = Release|Win32
		{0B9DB727-4CA1-3A8A-AE96-38EBD93BCACA}.RelWithDebInfo|Win32.ActiveCfg = RelWithDebInfo|Win32
		{0B9DB727-4CA1-3A8A-AE96-38EBD93BCACA}.RelWithDebInfo|Win32.Build.0 = RelWithDebInfo|Win32
	EndGlobalSection
	GlobalSection(SolutionProperties) = preSolution
		HideSolutionNode = FALSE
	EndGlobalSection
	GlobalSection(ExtensibilityGlobals) = postSolution
		SolutionGuid = {94C2C32E-F06B-3EA5-A697-BC42ED0DA355}
	EndGlobalSection
EndGlobal
